
Microsoft Visual Studio Solution File, Format Version 12.00
# Visual Studio Version 17
VisualStudioVersion = 17.14.36203.30
MinimumVisualStudioVersion = 10.0.40219.1
Project("{FAE04EC0-301F-11D3-BF4B-00C04F79EFBC}") = "GuessWord.Api", "GuessWord.Api\GuessWord.Api.csproj", "{FB903A6B-E39B-992E-1657-C5D6C9A07A88}"
EndProject
Project("{FAE04EC0-301F-11D3-BF4B-00C04F79EFBC}") = "GuessWord.Tests.HttpClient", "GuessWord.Tests.HttpClient\GuessWord.Tests.HttpClient.csproj", "{8776249A-EC1B-BFDE-E8B5-B393B4DEB4EA}"
EndProject
Project("{FAE04EC0-301F-11D3-BF4B-00C04F79EFBC}") = "GuessWord.Tests.RestSharp", "GuessWord.Tests.RestSharp\GuessWord.Tests.RestSharp.csproj", "{7E57001A-135F-3C8B-94BB-2C0508BAE93F}"
EndProject
Global
	GlobalSection(SolutionConfigurationPlatforms) = preSolution
		Debug|Any CPU = Debug|Any CPU
		Release|Any CPU = Release|Any CPU
	EndGlobalSection
	GlobalSection(ProjectConfigurationPlatforms) = postSolution
		{FB903A6B-E39B-992E-1657-C5D6C9A07A88}.Debug|Any CPU.ActiveCfg = Debug|Any CPU
		{FB903A6B-E39B-992E-1657-C5D6C9A07A88}.Debug|Any CPU.Build.0 = Debug|Any CPU
		{FB903A6B-E39B-992E-1657-C5D6C9A07A88}.Release|Any CPU.ActiveCfg = Release|Any CPU
		{FB903A6B-E39B-992E-1657-C5D6C9A07A88}.Release|Any CPU.Build.0 = Release|Any CPU
		{8776249A-EC1B-BFDE-E8B5-B393B4DEB4EA}.Debug|Any CPU.ActiveCfg = Debug|Any CPU
		{8776249A-EC1B-BFDE-E8B5-B393B4DEB4EA}.Debug|Any CPU.Build.0 = Debug|Any CPU
		{8776249A-EC1B-BFDE-E8B5-B393B4DEB4EA}.Release|Any CPU.ActiveCfg = Release|Any CPU
		{8776249A-EC1B-BFDE-E8B5-B393B4DEB4EA}.Release|Any CPU.Build.0 = Release|Any CPU
		{7E57001A-135F-3C8B-94BB-2C0508BAE93F}.Debug|Any CPU.ActiveCfg = Debug|Any CPU
		{7E57001A-135F-3C8B-94BB-2C0508BAE93F}.Debug|Any CPU.Build.0 = Debug|Any CPU
		{7E57001A-135F-3C8B-94BB-2C0508BAE93F}.Release|Any CPU.ActiveCfg = Release|Any CPU
		{7E57001A-135F-3C8B-94BB-2C0508BAE93F}.Release|Any CPU.Build.0 = Release|Any CPU
	EndGlobalSection
	GlobalSection(SolutionProperties) = preSolution
		HideSolutionNode = FALSE
	EndGlobalSection
	GlobalSection(ExtensibilityGlobals) = postSolution
		SolutionGuid = {C3FDBC61-2E92-4EA4-8132-F3A7DAF179CD}
	EndGlobalSection
EndGlobal
